// !$*UTF8*$!
{
	archiveVersion = 1;
	classes = {
	};
	objectVersion = 46;
	objects = {

/* Begin PBXBuildFile section */
		1AC6FB21180E996B004C840B /* libcocos2d Mac.a in Frameworks */ = {isa = PBXBuildFile; fileRef = 1AC6FAF9180E9839004C840B /* libcocos2d Mac.a */; };
		1AC6FB30180E99EB004C840B /* libcocos2d iOS.a in Frameworks */ = {isa = PBXBuildFile; fileRef = 1AC6FB07180E9839004C840B /* libcocos2d iOS.a */; };
		1AFAF8B716D35DE700DB1158 /* AppDelegate.cpp in Sources */ = {isa = PBXBuildFile; fileRef = 1AFAF8B316D35DE700DB1158 /* AppDelegate.cpp */; };
		1D60589F0D05DD5A006BFB54 /* Foundation.framework in Frameworks */ = {isa = PBXBuildFile; fileRef = 1D30AB110D05D00D00671497 /* Foundation.framework */; };
		1DF5F4E00D08C38300B7A737 /* UIKit.framework in Frameworks */ = {isa = PBXBuildFile; fileRef = 1DF5F4DF0D08C38300B7A737 /* UIKit.framework */; };
		288765A50DF7441C002DB57D /* CoreGraphics.framework in Frameworks */ = {isa = PBXBuildFile; fileRef = 288765A40DF7441C002DB57D /* CoreGraphics.framework */; };
		503AE0F817EB97AB00D1A890 /* Icon.icns in Resources */ = {isa = PBXBuildFile; fileRef = 503AE0F617EB97AB00D1A890 /* Icon.icns */; };
		503AE10017EB989F00D1A890 /* AppController.mm in Sources */ = {isa = PBXBuildFile; fileRef = 503AE0FB17EB989F00D1A890 /* AppController.mm */; };
		503AE10117EB989F00D1A890 /* main.m in Sources */ = {isa = PBXBuildFile; fileRef = 503AE0FC17EB989F00D1A890 /* main.m */; };
		503AE10217EB989F00D1A890 /* RootViewController.mm in Sources */ = {isa = PBXBuildFile; fileRef = 503AE0FF17EB989F00D1A890 /* RootViewController.mm */; };
		503AE10517EB98FF00D1A890 /* main.cpp in Sources */ = {isa = PBXBuildFile; fileRef = 503AE10317EB98FF00D1A890 /* main.cpp */; };
		503AE11217EB99EE00D1A890 /* libcurl.dylib in Frameworks */ = {isa = PBXBuildFile; fileRef = 503AE11117EB99EE00D1A890 /* libcurl.dylib */; };
		503AE11B17EB9C5A00D1A890 /* IOKit.framework in Frameworks */ = {isa = PBXBuildFile; fileRef = 503AE11A17EB9C5A00D1A890 /* IOKit.framework */; };
		5087E75717EB910900C73F5D /* AppDelegate.cpp in Sources */ = {isa = PBXBuildFile; fileRef = 1AFAF8B316D35DE700DB1158 /* AppDelegate.cpp */; };
		5087E76317EB910900C73F5D /* Foundation.framework in Frameworks */ = {isa = PBXBuildFile; fileRef = 1D30AB110D05D00D00671497 /* Foundation.framework */; };
		5087E76517EB910900C73F5D /* CoreGraphics.framework in Frameworks */ = {isa = PBXBuildFile; fileRef = 288765A40DF7441C002DB57D /* CoreGraphics.framework */; };
		5087E76717EB910900C73F5D /* libz.dylib in Frameworks */ = {isa = PBXBuildFile; fileRef = BF170DB412928DE900B8313A /* libz.dylib */; };
		5087E76817EB910900C73F5D /* QuartzCore.framework in Frameworks */ = {isa = PBXBuildFile; fileRef = BF1C47EA1293683800B63C5D /* QuartzCore.framework */; };
		5087E76917EB910900C73F5D /* OpenAL.framework in Frameworks */ = {isa = PBXBuildFile; fileRef = D44C620B132DFF330009C878 /* OpenAL.framework */; };
		5087E76A17EB910900C73F5D /* AVFoundation.framework in Frameworks */ = {isa = PBXBuildFile; fileRef = D44C620D132DFF430009C878 /* AVFoundation.framework */; };
		5087E76B17EB910900C73F5D /* AudioToolbox.framework in Frameworks */ = {isa = PBXBuildFile; fileRef = D44C620F132DFF4E0009C878 /* AudioToolbox.framework */; };
		5087E78917EB974C00C73F5D /* AppKit.framework in Frameworks */ = {isa = PBXBuildFile; fileRef = 5087E78817EB974C00C73F5D /* AppKit.framework */; };
		5087E78B17EB975400C73F5D /* OpenGL.framework in Frameworks */ = {isa = PBXBuildFile; fileRef = 5087E78A17EB975400C73F5D /* OpenGL.framework */; };
		6E0EEEFC198A2A3C002CDE7F /* LHSceneSubclass.cpp in Sources */ = {isa = PBXBuildFile; fileRef = 6E0EEEFA198A2A3C002CDE7F /* LHSceneSubclass.cpp */; };
		6E0EEEFD198A2A3C002CDE7F /* LHSceneSubclass.cpp in Sources */ = {isa = PBXBuildFile; fileRef = 6E0EEEFA198A2A3C002CDE7F /* LHSceneSubclass.cpp */; };
		6E0EEEFE198A2A3C002CDE7F /* LHSceneSubclass.cpp in Sources */ = {isa = PBXBuildFile; fileRef = 6E0EEEFA198A2A3C002CDE7F /* LHSceneSubclass.cpp */; };
		6E68F70419D0A54D00A2D652 /* Images.xcassets in Resources */ = {isa = PBXBuildFile; fileRef = 6E68F70319D0A54D00A2D652 /* Images.xcassets */; };
		6E68F70519D0A54D00A2D652 /* Images.xcassets in Resources */ = {isa = PBXBuildFile; fileRef = 6E68F70319D0A54D00A2D652 /* Images.xcassets */; };
		6E79169E1964186600E68E06 /* AppController.mm in Sources */ = {isa = PBXBuildFile; fileRef = 503AE0FB17EB989F00D1A890 /* AppController.mm */; };
		6E7916B21964186600E68E06 /* RootViewController.mm in Sources */ = {isa = PBXBuildFile; fileRef = 503AE0FF17EB989F00D1A890 /* RootViewController.mm */; };
		6E7916B81964186600E68E06 /* AppDelegate.cpp in Sources */ = {isa = PBXBuildFile; fileRef = 1AFAF8B316D35DE700DB1158 /* AppDelegate.cpp */; };
		6E7916B91964186600E68E06 /* main.m in Sources */ = {isa = PBXBuildFile; fileRef = 503AE0FC17EB989F00D1A890 /* main.m */; };
		6E7916CC1964186600E68E06 /* libcocos2d iOS.a in Frameworks */ = {isa = PBXBuildFile; fileRef = 1AC6FB07180E9839004C840B /* libcocos2d iOS.a */; };
		6E7916CF1964186600E68E06 /* CoreMotion.framework in Frameworks */ = {isa = PBXBuildFile; fileRef = D6B0611A1803AB670077942B /* CoreMotion.framework */; };
		6E7916D01964186600E68E06 /* Foundation.framework in Frameworks */ = {isa = PBXBuildFile; fileRef = 1D30AB110D05D00D00671497 /* Foundation.framework */; };
		6E7916D11964186600E68E06 /* UIKit.framework in Frameworks */ = {isa = PBXBuildFile; fileRef = 1DF5F4DF0D08C38300B7A737 /* UIKit.framework */; };
		6E7916D21964186600E68E06 /* CoreGraphics.framework in Frameworks */ = {isa = PBXBuildFile; fileRef = 288765A40DF7441C002DB57D /* CoreGraphics.framework */; };
		6E7916D31964186600E68E06 /* OpenGLES.framework in Frameworks */ = {isa = PBXBuildFile; fileRef = BF170DB012928DE900B8313A /* OpenGLES.framework */; };
		6E7916D41964186600E68E06 /* libz.dylib in Frameworks */ = {isa = PBXBuildFile; fileRef = BF170DB412928DE900B8313A /* libz.dylib */; };
		6E7916D51964186600E68E06 /* QuartzCore.framework in Frameworks */ = {isa = PBXBuildFile; fileRef = BF1C47EA1293683800B63C5D /* QuartzCore.framework */; };
		6E7916D61964186600E68E06 /* OpenAL.framework in Frameworks */ = {isa = PBXBuildFile; fileRef = D44C620B132DFF330009C878 /* OpenAL.framework */; };
		6E7916D71964186600E68E06 /* AVFoundation.framework in Frameworks */ = {isa = PBXBuildFile; fileRef = D44C620D132DFF430009C878 /* AVFoundation.framework */; };
		6E7916D81964186600E68E06 /* AudioToolbox.framework in Frameworks */ = {isa = PBXBuildFile; fileRef = D44C620F132DFF4E0009C878 /* AudioToolbox.framework */; };
		6E80035D19A84C5800284D21 /* libLevelHelper2-API.a in Frameworks */ = {isa = PBXBuildFile; fileRef = 6E908F6A19A8442B0090246B /* libLevelHelper2-API.a */; };
		6E80039A19A84FC100284D21 /* libLevelHelper2-API.a in Frameworks */ = {isa = PBXBuildFile; fileRef = 6E908F6C19A8442B0090246B /* libLevelHelper2-API.a */; };
		6E80039F19A8503A00284D21 /* libLevelHelper2-API.a in Frameworks */ = {isa = PBXBuildFile; fileRef = 6E908F6819A8442B0090246B /* libLevelHelper2-API.a */; };
		6E97C8EC1A52970400DF4A1A /* LH2-Published in Resources */ = {isa = PBXBuildFile; fileRef = 6E97C8EB1A52970400DF4A1A /* LH2-Published */; };
		6E97C8ED1A52970400DF4A1A /* LH2-Published in Resources */ = {isa = PBXBuildFile; fileRef = 6E97C8EB1A52970400DF4A1A /* LH2-Published */; };
		6E97C8EE1A52970400DF4A1A /* LH2-Published in Resources */ = {isa = PBXBuildFile; fileRef = 6E97C8EB1A52970400DF4A1A /* LH2-Published */; };
		6E9B5E511A6E68220090C8B4 /* Default-375w-667h@2x~iphone.png in Resources */ = {isa = PBXBuildFile; fileRef = 6E9B5E401A6E68220090C8B4 /* Default-375w-667h@2x~iphone.png */; };
		6E9B5E521A6E68220090C8B4 /* Default-375w-667h@2x~iphone.png in Resources */ = {isa = PBXBuildFile; fileRef = 6E9B5E401A6E68220090C8B4 /* Default-375w-667h@2x~iphone.png */; };
		6E9B5E531A6E68220090C8B4 /* Default-414w-736h@3x~iphone.png in Resources */ = {isa = PBXBuildFile; fileRef = 6E9B5E411A6E68220090C8B4 /* Default-414w-736h@3x~iphone.png */; };
		6E9B5E541A6E68220090C8B4 /* Default-414w-736h@3x~iphone.png in Resources */ = {isa = PBXBuildFile; fileRef = 6E9B5E411A6E68220090C8B4 /* Default-414w-736h@3x~iphone.png */; };
		6E9B5E551A6E68220090C8B4 /* Default-568h@2x.png in Resources */ = {isa = PBXBuildFile; fileRef = 6E9B5E421A6E68220090C8B4 /* Default-568h@2x.png */; };
		6E9B5E561A6E68220090C8B4 /* Default-568h@2x.png in Resources */ = {isa = PBXBuildFile; fileRef = 6E9B5E421A6E68220090C8B4 /* Default-568h@2x.png */; };
		6E9B5E571A6E68220090C8B4 /* Default-Landscape@2x~ipad.png in Resources */ = {isa = PBXBuildFile; fileRef = 6E9B5E431A6E68220090C8B4 /* Default-Landscape@2x~ipad.png */; };
		6E9B5E581A6E68220090C8B4 /* Default-Landscape@2x~ipad.png in Resources */ = {isa = PBXBuildFile; fileRef = 6E9B5E431A6E68220090C8B4 /* Default-Landscape@2x~ipad.png */; };
		6E9B5E591A6E68220090C8B4 /* Default-Landscape~ipad.png in Resources */ = {isa = PBXBuildFile; fileRef = 6E9B5E441A6E68220090C8B4 /* Default-Landscape~ipad.png */; };
		6E9B5E5A1A6E68220090C8B4 /* Default-Landscape~ipad.png in Resources */ = {isa = PBXBuildFile; fileRef = 6E9B5E441A6E68220090C8B4 /* Default-Landscape~ipad.png */; };
		6E9B5E5B1A6E68220090C8B4 /* Default.png in Resources */ = {isa = PBXBuildFile; fileRef = 6E9B5E451A6E68220090C8B4 /* Default.png */; };
		6E9B5E5C1A6E68220090C8B4 /* Default.png in Resources */ = {isa = PBXBuildFile; fileRef = 6E9B5E451A6E68220090C8B4 /* Default.png */; };
		6E9B5E5D1A6E68220090C8B4 /* Default@2x.png in Resources */ = {isa = PBXBuildFile; fileRef = 6E9B5E461A6E68220090C8B4 /* Default@2x.png */; };
		6E9B5E5E1A6E68220090C8B4 /* Default@2x.png in Resources */ = {isa = PBXBuildFile; fileRef = 6E9B5E461A6E68220090C8B4 /* Default@2x.png */; };
		6E9B5E5F1A6E68220090C8B4 /* iPad-old.png in Resources */ = {isa = PBXBuildFile; fileRef = 6E9B5E471A6E68220090C8B4 /* iPad-old.png */; };
		6E9B5E601A6E68220090C8B4 /* iPad-old.png in Resources */ = {isa = PBXBuildFile; fileRef = 6E9B5E471A6E68220090C8B4 /* iPad-old.png */; };
		6E9B5E611A6E68220090C8B4 /* iPad-old@2x.png in Resources */ = {isa = PBXBuildFile; fileRef = 6E9B5E481A6E68220090C8B4 /* iPad-old@2x.png */; };
		6E9B5E621A6E68220090C8B4 /* iPad-old@2x.png in Resources */ = {isa = PBXBuildFile; fileRef = 6E9B5E481A6E68220090C8B4 /* iPad-old@2x.png */; };
		6E9B5E631A6E68220090C8B4 /* iPad.png in Resources */ = {isa = PBXBuildFile; fileRef = 6E9B5E491A6E68220090C8B4 /* iPad.png */; };
		6E9B5E641A6E68220090C8B4 /* iPad.png in Resources */ = {isa = PBXBuildFile; fileRef = 6E9B5E491A6E68220090C8B4 /* iPad.png */; };
		6E9B5E651A6E68220090C8B4 /* iPad@2x.png in Resources */ = {isa = PBXBuildFile; fileRef = 6E9B5E4A1A6E68220090C8B4 /* iPad@2x.png */; };
		6E9B5E661A6E68220090C8B4 /* iPad@2x.png in Resources */ = {isa = PBXBuildFile; fileRef = 6E9B5E4A1A6E68220090C8B4 /* iPad@2x.png */; };
		6E9B5E671A6E68220090C8B4 /* iPhone-old.png in Resources */ = {isa = PBXBuildFile; fileRef = 6E9B5E4B1A6E68220090C8B4 /* iPhone-old.png */; };
		6E9B5E681A6E68220090C8B4 /* iPhone-old.png in Resources */ = {isa = PBXBuildFile; fileRef = 6E9B5E4B1A6E68220090C8B4 /* iPhone-old.png */; };
		6E9B5E691A6E68220090C8B4 /* iPhone-old@2x.png in Resources */ = {isa = PBXBuildFile; fileRef = 6E9B5E4C1A6E68220090C8B4 /* iPhone-old@2x.png */; };
		6E9B5E6A1A6E68220090C8B4 /* iPhone-old@2x.png in Resources */ = {isa = PBXBuildFile; fileRef = 6E9B5E4C1A6E68220090C8B4 /* iPhone-old@2x.png */; };
		6E9B5E6B1A6E68220090C8B4 /* iPhone.png in Resources */ = {isa = PBXBuildFile; fileRef = 6E9B5E4D1A6E68220090C8B4 /* iPhone.png */; };
		6E9B5E6C1A6E68220090C8B4 /* iPhone.png in Resources */ = {isa = PBXBuildFile; fileRef = 6E9B5E4D1A6E68220090C8B4 /* iPhone.png */; };
		6E9B5E6D1A6E68220090C8B4 /* iPhone@2x.png in Resources */ = {isa = PBXBuildFile; fileRef = 6E9B5E4E1A6E68220090C8B4 /* iPhone@2x.png */; };
		6E9B5E6E1A6E68220090C8B4 /* iPhone@2x.png in Resources */ = {isa = PBXBuildFile; fileRef = 6E9B5E4E1A6E68220090C8B4 /* iPhone@2x.png */; };
		6E9B5E6F1A6E68220090C8B4 /* Settings.png in Resources */ = {isa = PBXBuildFile; fileRef = 6E9B5E4F1A6E68220090C8B4 /* Settings.png */; };
		6E9B5E701A6E68220090C8B4 /* Settings.png in Resources */ = {isa = PBXBuildFile; fileRef = 6E9B5E4F1A6E68220090C8B4 /* Settings.png */; };
		6E9B5E711A6E68220090C8B4 /* Settings@2x.png in Resources */ = {isa = PBXBuildFile; fileRef = 6E9B5E501A6E68220090C8B4 /* Settings@2x.png */; };
		6E9B5E721A6E68220090C8B4 /* Settings@2x.png in Resources */ = {isa = PBXBuildFile; fileRef = 6E9B5E501A6E68220090C8B4 /* Settings@2x.png */; };
		BF171245129291EC00B8313A /* OpenGLES.framework in Frameworks */ = {isa = PBXBuildFile; fileRef = BF170DB012928DE900B8313A /* OpenGLES.framework */; };
		BF1712471292920000B8313A /* libz.dylib in Frameworks */ = {isa = PBXBuildFile; fileRef = BF170DB412928DE900B8313A /* libz.dylib */; };
		BF1C47F01293687400B63C5D /* QuartzCore.framework in Frameworks */ = {isa = PBXBuildFile; fileRef = BF1C47EA1293683800B63C5D /* QuartzCore.framework */; };
		D44C620C132DFF330009C878 /* OpenAL.framework in Frameworks */ = {isa = PBXBuildFile; fileRef = D44C620B132DFF330009C878 /* OpenAL.framework */; };
		D44C620E132DFF430009C878 /* AVFoundation.framework in Frameworks */ = {isa = PBXBuildFile; fileRef = D44C620D132DFF430009C878 /* AVFoundation.framework */; };
		D44C6210132DFF4E0009C878 /* AudioToolbox.framework in Frameworks */ = {isa = PBXBuildFile; fileRef = D44C620F132DFF4E0009C878 /* AudioToolbox.framework */; };
		D6B0611B1803AB670077942B /* CoreMotion.framework in Frameworks */ = {isa = PBXBuildFile; fileRef = D6B0611A1803AB670077942B /* CoreMotion.framework */; };
/* End PBXBuildFile section */

/* Begin PBXContainerItemProxy section */
		1AC6FAF8180E9839004C840B /* PBXContainerItemProxy */ = {
			isa = PBXContainerItemProxy;
			containerPortal = 1AC6FAE5180E9839004C840B /* cocos2d_libs.xcodeproj */;
			proxyType = 2;
			remoteGlobalIDString = 1551A33F158F2AB200E66CFE;
			remoteInfo = "cocos2dx Mac";
		};
		1AC6FB06180E9839004C840B /* PBXContainerItemProxy */ = {
			isa = PBXContainerItemProxy;
			containerPortal = 1AC6FAE5180E9839004C840B /* cocos2d_libs.xcodeproj */;
			proxyType = 2;
			remoteGlobalIDString = A07A4D641783777C0073F6A7;
			remoteInfo = "cocos2dx iOS";
		};
		1AC6FB15180E9959004C840B /* PBXContainerItemProxy */ = {
			isa = PBXContainerItemProxy;
			containerPortal = 1AC6FAE5180E9839004C840B /* cocos2d_libs.xcodeproj */;
			proxyType = 1;
			remoteGlobalIDString = 1551A33E158F2AB200E66CFE;
			remoteInfo = "cocos2dx Mac";
		};
		1AC6FB24180E99E1004C840B /* PBXContainerItemProxy */ = {
			isa = PBXContainerItemProxy;
			containerPortal = 1AC6FAE5180E9839004C840B /* cocos2d_libs.xcodeproj */;
			proxyType = 1;
			remoteGlobalIDString = A07A4C241783777C0073F6A7;
			remoteInfo = "cocos2dx iOS";
		};
		6E7916741964186600E68E06 /* PBXContainerItemProxy */ = {
			isa = PBXContainerItemProxy;
			containerPortal = 1AC6FAE5180E9839004C840B /* cocos2d_libs.xcodeproj */;
			proxyType = 1;
			remoteGlobalIDString = A07A4C241783777C0073F6A7;
			remoteInfo = "cocos2dx iOS";
		};
		6E80035B19A84C4E00284D21 /* PBXContainerItemProxy */ = {
			isa = PBXContainerItemProxy;
			containerPortal = 6E908F6119A8442B0090246B /* LevelHelper2-API.xcodeproj */;
			proxyType = 1;
			remoteGlobalIDString = 6EDE86AA19A4898100599C48;
			remoteInfo = "LevelHelper2-API+Box2d";
		};
		6E80039819A84FBA00284D21 /* PBXContainerItemProxy */ = {
			isa = PBXContainerItemProxy;
			containerPortal = 6E908F6119A8442B0090246B /* LevelHelper2-API.xcodeproj */;
			proxyType = 1;
			remoteGlobalIDString = 6EDE8B1019A4986C00599C48;
			remoteInfo = "LevelHelper2-API+Box2d-OSX";
		};
		6E80039D19A8503100284D21 /* PBXContainerItemProxy */ = {
			isa = PBXContainerItemProxy;
			containerPortal = 6E908F6119A8442B0090246B /* LevelHelper2-API.xcodeproj */;
			proxyType = 1;
			remoteGlobalIDString = 6EDE843819A483A200599C48;
			remoteInfo = "LevelHelper2-API";
		};
		6E908F6719A8442B0090246B /* PBXContainerItemProxy */ = {
			isa = PBXContainerItemProxy;
			containerPortal = 6E908F6119A8442B0090246B /* LevelHelper2-API.xcodeproj */;
			proxyType = 2;
			remoteGlobalIDString = 6EDE843919A483A200599C48;
			remoteInfo = "LevelHelper2-API";
		};
		6E908F6919A8442B0090246B /* PBXContainerItemProxy */ = {
			isa = PBXContainerItemProxy;
			containerPortal = 6E908F6119A8442B0090246B /* LevelHelper2-API.xcodeproj */;
			proxyType = 2;
			remoteGlobalIDString = 6EDE871519A4898100599C48;
			remoteInfo = "LevelHelper2-API+Box2d";
		};
		6E908F6B19A8442B0090246B /* PBXContainerItemProxy */ = {
			isa = PBXContainerItemProxy;
			containerPortal = 6E908F6119A8442B0090246B /* LevelHelper2-API.xcodeproj */;
			proxyType = 2;
			remoteGlobalIDString = 6EDE8B7C19A4986C00599C48;
			remoteInfo = "LevelHelper2-API+Box2d-OSX";
		};
		6E9B5E771A6E68220090C8B4 /* PBXContainerItemProxy */ = {
			isa = PBXContainerItemProxy;
			containerPortal = 6EA6DF2B1A526EA800C94A6D /* DEMOS.xcodeproj */;
			proxyType = 2;
			remoteGlobalIDString = 1D6058910D05DD3D006BFB54;
			remoteInfo = "DEMOS + Chipmunk - iOS";
		};
		6EA6DF341A526EA800C94A6D /* PBXContainerItemProxy */ = {
			isa = PBXContainerItemProxy;
			containerPortal = 6EA6DF2B1A526EA800C94A6D /* DEMOS.xcodeproj */;
			proxyType = 2;
			remoteGlobalIDString = 6E7916DC1964186600E68E06;
			remoteInfo = "DEMOS + Box2d - iOS";
		};
		6EA6DF361A526EA800C94A6D /* PBXContainerItemProxy */ = {
			isa = PBXContainerItemProxy;
			containerPortal = 6EA6DF2B1A526EA800C94A6D /* DEMOS.xcodeproj */;
			proxyType = 2;
			remoteGlobalIDString = 5087E76F17EB910900C73F5D;
			remoteInfo = "DEMOS + Box2d - Mac";
		};
/* End PBXContainerItemProxy section */

/* Begin PBXFileReference section */
		1AC6FAE5180E9839004C840B /* cocos2d_libs.xcodeproj */ = {isa = PBXFileReference; lastKnownFileType = "wrapper.pb-project"; name = cocos2d_libs.xcodeproj; path = ../cocos2d/build/cocos2d_libs.xcodeproj; sourceTree = "<group>"; };
		1ACB3243164770DE00914215 /* libcurl.a */ = {isa = PBXFileReference; lastKnownFileType = archive.ar; name = libcurl.a; path = ../../cocos2dx/platform/third_party/ios/libraries/libcurl.a; sourceTree = "<group>"; };
		1AFAF8B316D35DE700DB1158 /* AppDelegate.cpp */ = {isa = PBXFileReference; fileEncoding = 4; lastKnownFileType = sourcecode.cpp.cpp; name = AppDelegate.cpp; path = ../Classes/AppDelegate.cpp; sourceTree = "<group>"; };
		1AFAF8B416D35DE700DB1158 /* AppDelegate.h */ = {isa = PBXFileReference; fileEncoding = 4; lastKnownFileType = sourcecode.c.h; name = AppDelegate.h; path = ../Classes/AppDelegate.h; sourceTree = "<group>"; };
		1D30AB110D05D00D00671497 /* Foundation.framework */ = {isa = PBXFileReference; lastKnownFileType = wrapper.framework; name = Foundation.framework; path = System/Library/Frameworks/Foundation.framework; sourceTree = SDKROOT; };
		1D6058910D05DD3D006BFB54 /* LevelHelper2-Cocos2d-X.v3 + Chipmunk - iOS.app */ = {isa = PBXFileReference; explicitFileType = wrapper.application; includeInIndex = 0; path = "LevelHelper2-Cocos2d-X.v3 + Chipmunk - iOS.app"; sourceTree = BUILT_PRODUCTS_DIR; };
		1DF5F4DF0D08C38300B7A737 /* UIKit.framework */ = {isa = PBXFileReference; lastKnownFileType = wrapper.framework; name = UIKit.framework; path = System/Library/Frameworks/UIKit.framework; sourceTree = SDKROOT; };
		288765A40DF7441C002DB57D /* CoreGraphics.framework */ = {isa = PBXFileReference; lastKnownFileType = wrapper.framework; name = CoreGraphics.framework; path = System/Library/Frameworks/CoreGraphics.framework; sourceTree = SDKROOT; };
		503AE0F617EB97AB00D1A890 /* Icon.icns */ = {isa = PBXFileReference; lastKnownFileType = image.icns; path = Icon.icns; sourceTree = "<group>"; };
		503AE0F717EB97AB00D1A890 /* Info.plist */ = {isa = PBXFileReference; fileEncoding = 4; lastKnownFileType = text.plist.xml; path = Info.plist; sourceTree = "<group>"; };
		503AE0FA17EB989F00D1A890 /* AppController.h */ = {isa = PBXFileReference; fileEncoding = 4; lastKnownFileType = sourcecode.c.h; name = AppController.h; path = ios/AppController.h; sourceTree = SOURCE_ROOT; };
		503AE0FB17EB989F00D1A890 /* AppController.mm */ = {isa = PBXFileReference; fileEncoding = 4; lastKnownFileType = sourcecode.cpp.objcpp; name = AppController.mm; path = ios/AppController.mm; sourceTree = SOURCE_ROOT; };
		503AE0FC17EB989F00D1A890 /* main.m */ = {isa = PBXFileReference; fileEncoding = 4; lastKnownFileType = sourcecode.c.objc; name = main.m; path = ios/main.m; sourceTree = SOURCE_ROOT; };
		503AE0FD17EB989F00D1A890 /* Prefix.pch */ = {isa = PBXFileReference; fileEncoding = 4; lastKnownFileType = sourcecode.c.h; name = Prefix.pch; path = ios/Prefix.pch; sourceTree = SOURCE_ROOT; };
		503AE0FE17EB989F00D1A890 /* RootViewController.h */ = {isa = PBXFileReference; fileEncoding = 4; lastKnownFileType = sourcecode.c.h; name = RootViewController.h; path = ios/RootViewController.h; sourceTree = SOURCE_ROOT; };
		503AE0FF17EB989F00D1A890 /* RootViewController.mm */ = {isa = PBXFileReference; fileEncoding = 4; lastKnownFileType = sourcecode.cpp.objcpp; name = RootViewController.mm; path = ios/RootViewController.mm; sourceTree = SOURCE_ROOT; };
		503AE10317EB98FF00D1A890 /* main.cpp */ = {isa = PBXFileReference; fileEncoding = 4; lastKnownFileType = sourcecode.cpp.cpp; name = main.cpp; path = mac/main.cpp; sourceTree = "<group>"; };
		503AE10417EB98FF00D1A890 /* Prefix.pch */ = {isa = PBXFileReference; fileEncoding = 4; lastKnownFileType = sourcecode.c.h; name = Prefix.pch; path = mac/Prefix.pch; sourceTree = "<group>"; };
		503AE11117EB99EE00D1A890 /* libcurl.dylib */ = {isa = PBXFileReference; lastKnownFileType = "compiled.mach-o.dylib"; name = libcurl.dylib; path = usr/lib/libcurl.dylib; sourceTree = SDKROOT; };
		503AE11A17EB9C5A00D1A890 /* IOKit.framework */ = {isa = PBXFileReference; lastKnownFileType = wrapper.framework; name = IOKit.framework; path = System/Library/Frameworks/IOKit.framework; sourceTree = SDKROOT; };
		5087E76F17EB910900C73F5D /* LevelHelper2-Cocos2d-X.v3 + Box2d - Mac.app */ = {isa = PBXFileReference; explicitFileType = wrapper.application; includeInIndex = 0; path = "LevelHelper2-Cocos2d-X.v3 + Box2d - Mac.app"; sourceTree = BUILT_PRODUCTS_DIR; };
		5087E77C17EB970100C73F5D /* Info.plist */ = {isa = PBXFileReference; fileEncoding = 4; lastKnownFileType = text.plist.xml; path = Info.plist; sourceTree = "<group>"; };
		5087E78817EB974C00C73F5D /* AppKit.framework */ = {isa = PBXFileReference; lastKnownFileType = wrapper.framework; name = AppKit.framework; path = System/Library/Frameworks/AppKit.framework; sourceTree = SDKROOT; };
		5087E78A17EB975400C73F5D /* OpenGL.framework */ = {isa = PBXFileReference; lastKnownFileType = wrapper.framework; name = OpenGL.framework; path = System/Library/Frameworks/OpenGL.framework; sourceTree = SDKROOT; };
		6E0EEEFA198A2A3C002CDE7F /* LHSceneSubclass.cpp */ = {isa = PBXFileReference; fileEncoding = 4; lastKnownFileType = sourcecode.cpp.cpp; name = LHSceneSubclass.cpp; path = ../Classes/LHSceneSubclass.cpp; sourceTree = "<group>"; };
		6E0EEEFB198A2A3C002CDE7F /* LHSceneSubclass.h */ = {isa = PBXFileReference; fileEncoding = 4; lastKnownFileType = sourcecode.c.h; name = LHSceneSubclass.h; path = ../Classes/LHSceneSubclass.h; sourceTree = "<group>"; };
		6E68F70319D0A54D00A2D652 /* Images.xcassets */ = {isa = PBXFileReference; lastKnownFileType = folder.assetcatalog; name = Images.xcassets; path = ios/Images.xcassets; sourceTree = SOURCE_ROOT; };
		6E70FD0F1A88D3520027FA21 /* compileAndroid.sh */ = {isa = PBXFileReference; lastKnownFileType = text.script.sh; name = compileAndroid.sh; path = ../compileAndroid.sh; sourceTree = "<group>"; };
		6E70FD101A88D66E0027FA21 /* ANDROID_BUILD_HELP.md */ = {isa = PBXFileReference; lastKnownFileType = text; name = ANDROID_BUILD_HELP.md; path = ../ANDROID_BUILD_HELP.md; sourceTree = "<group>"; };
		6E7916DC1964186600E68E06 /* LevelHelper2-Cocos2d-X.v3 + Box2d - iOS.app */ = {isa = PBXFileReference; explicitFileType = wrapper.application; includeInIndex = 0; path = "LevelHelper2-Cocos2d-X.v3 + Box2d - iOS.app"; sourceTree = BUILT_PRODUCTS_DIR; };
		6E7916DD1964186600E68E06 /* Info+Box2d.plist */ = {isa = PBXFileReference; lastKnownFileType = text.plist.xml; name = "Info+Box2d.plist"; path = "/Volumes/PersonalFiles/ActiveProjects/LevelHelper2-API-GITHUB/Cocos2d-X.v3.3.0/proj.ios_mac/Info+Box2d.plist"; sourceTree = "<absolute>"; };
		6E80040119A8741E00284D21 /* Android.mk */ = {isa = PBXFileReference; lastKnownFileType = text; name = Android.mk; path = ../proj.android/jni/Android.mk; sourceTree = "<group>"; };
		6E8CB41A1A52DBBD00663859 /* project.properties */ = {isa = PBXFileReference; lastKnownFileType = text; name = project.properties; path = ../proj.android/project.properties; sourceTree = "<group>"; };
		6E908F6119A8442B0090246B /* LevelHelper2-API.xcodeproj */ = {isa = PBXFileReference; lastKnownFileType = "wrapper.pb-project"; name = "LevelHelper2-API.xcodeproj"; path = "../LevelHelper2-API/LevelHelper2-API.xcodeproj"; sourceTree = "<group>"; };
		6E97C8EB1A52970400DF4A1A /* LH2-Published */ = {isa = PBXFileReference; lastKnownFileType = folder; path = "LH2-Published"; sourceTree = "<group>"; };
		6E9B5E401A6E68220090C8B4 /* Default-375w-667h@2x~iphone.png */ = {isa = PBXFileReference; lastKnownFileType = image.png; name = "Default-375w-667h@2x~iphone.png"; path = "Icons/Default-375w-667h@2x~iphone.png"; sourceTree = "<group>"; };
		6E9B5E411A6E68220090C8B4 /* Default-414w-736h@3x~iphone.png */ = {isa = PBXFileReference; lastKnownFileType = image.png; name = "Default-414w-736h@3x~iphone.png"; path = "Icons/Default-414w-736h@3x~iphone.png"; sourceTree = "<group>"; };
		6E9B5E421A6E68220090C8B4 /* Default-568h@2x.png */ = {isa = PBXFileReference; lastKnownFileType = image.png; name = "Default-568h@2x.png"; path = "Icons/Default-568h@2x.png"; sourceTree = "<group>"; };
		6E9B5E431A6E68220090C8B4 /* Default-Landscape@2x~ipad.png */ = {isa = PBXFileReference; lastKnownFileType = image.png; name = "Default-Landscape@2x~ipad.png"; path = "Icons/Default-Landscape@2x~ipad.png"; sourceTree = "<group>"; };
		6E9B5E441A6E68220090C8B4 /* Default-Landscape~ipad.png */ = {isa = PBXFileReference; lastKnownFileType = image.png; name = "Default-Landscape~ipad.png"; path = "Icons/Default-Landscape~ipad.png"; sourceTree = "<group>"; };
		6E9B5E451A6E68220090C8B4 /* Default.png */ = {isa = PBXFileReference; lastKnownFileType = image.png; name = Default.png; path = Icons/Default.png; sourceTree = "<group>"; };
		6E9B5E461A6E68220090C8B4 /* Default@2x.png */ = {isa = PBXFileReference; lastKnownFileType = image.png; name = "Default@2x.png"; path = "Icons/Default@2x.png"; sourceTree = "<group>"; };
		6E9B5E471A6E68220090C8B4 /* iPad-old.png */ = {isa = PBXFileReference; lastKnownFileType = image.png; name = "iPad-old.png"; path = "Icons/iPad-old.png"; sourceTree = "<group>"; };
		6E9B5E481A6E68220090C8B4 /* iPad-old@2x.png */ = {isa = PBXFileReference; lastKnownFileType = image.png; name = "iPad-old@2x.png"; path = "Icons/iPad-old@2x.png"; sourceTree = "<group>"; };
		6E9B5E491A6E68220090C8B4 /* iPad.png */ = {isa = PBXFileReference; lastKnownFileType = image.png; name = iPad.png; path = Icons/iPad.png; sourceTree = "<group>"; };
		6E9B5E4A1A6E68220090C8B4 /* iPad@2x.png */ = {isa = PBXFileReference; lastKnownFileType = image.png; name = "iPad@2x.png"; path = "Icons/iPad@2x.png"; sourceTree = "<group>"; };
		6E9B5E4B1A6E68220090C8B4 /* iPhone-old.png */ = {isa = PBXFileReference; lastKnownFileType = image.png; name = "iPhone-old.png"; path = "Icons/iPhone-old.png"; sourceTree = "<group>"; };
		6E9B5E4C1A6E68220090C8B4 /* iPhone-old@2x.png */ = {isa = PBXFileReference; lastKnownFileType = image.png; name = "iPhone-old@2x.png"; path = "Icons/iPhone-old@2x.png"; sourceTree = "<group>"; };
		6E9B5E4D1A6E68220090C8B4 /* iPhone.png */ = {isa = PBXFileReference; lastKnownFileType = image.png; name = iPhone.png; path = Icons/iPhone.png; sourceTree = "<group>"; };
		6E9B5E4E1A6E68220090C8B4 /* iPhone@2x.png */ = {isa = PBXFileReference; lastKnownFileType = image.png; name = "iPhone@2x.png"; path = "Icons/iPhone@2x.png"; sourceTree = "<group>"; };
		6E9B5E4F1A6E68220090C8B4 /* Settings.png */ = {isa = PBXFileReference; lastKnownFileType = image.png; name = Settings.png; path = Icons/Settings.png; sourceTree = "<group>"; };
		6E9B5E501A6E68220090C8B4 /* Settings@2x.png */ = {isa = PBXFileReference; lastKnownFileType = image.png; name = "Settings@2x.png"; path = "Icons/Settings@2x.png"; sourceTree = "<group>"; };
		6EA6DF2B1A526EA800C94A6D /* DEMOS.xcodeproj */ = {isa = PBXFileReference; lastKnownFileType = "wrapper.pb-project"; name = DEMOS.xcodeproj; path = ../DEMOS/proj.ios_mac/DEMOS.xcodeproj; sourceTree = "<group>"; };
		6EF1386719A89A5E00CC03F3 /* Application.mk */ = {isa = PBXFileReference; lastKnownFileType = text; name = Application.mk; path = ../proj.android/jni/Application.mk; sourceTree = "<group>"; };
		BF170DB012928DE900B8313A /* OpenGLES.framework */ = {isa = PBXFileReference; lastKnownFileType = wrapper.framework; name = OpenGLES.framework; path = System/Library/Frameworks/OpenGLES.framework; sourceTree = SDKROOT; };
		BF170DB412928DE900B8313A /* libz.dylib */ = {isa = PBXFileReference; lastKnownFileType = "compiled.mach-o.dylib"; name = libz.dylib; path = usr/lib/libz.dylib; sourceTree = SDKROOT; };
		BF1C47EA1293683800B63C5D /* QuartzCore.framework */ = {isa = PBXFileReference; lastKnownFileType = wrapper.framework; name = QuartzCore.framework; path = System/Library/Frameworks/QuartzCore.framework; sourceTree = SDKROOT; };
		D44C620B132DFF330009C878 /* OpenAL.framework */ = {isa = PBXFileReference; lastKnownFileType = wrapper.framework; name = OpenAL.framework; path = System/Library/Frameworks/OpenAL.framework; sourceTree = SDKROOT; };
		D44C620D132DFF430009C878 /* AVFoundation.framework */ = {isa = PBXFileReference; lastKnownFileType = wrapper.framework; name = AVFoundation.framework; path = System/Library/Frameworks/AVFoundation.framework; sourceTree = SDKROOT; };
		D44C620F132DFF4E0009C878 /* AudioToolbox.framework */ = {isa = PBXFileReference; lastKnownFileType = wrapper.framework; name = AudioToolbox.framework; path = System/Library/Frameworks/AudioToolbox.framework; sourceTree = SDKROOT; };
		D6B0611A1803AB670077942B /* CoreMotion.framework */ = {isa = PBXFileReference; lastKnownFileType = wrapper.framework; name = CoreMotion.framework; path = Platforms/iPhoneOS.platform/Developer/SDKs/iPhoneOS7.0.sdk/System/Library/Frameworks/CoreMotion.framework; sourceTree = DEVELOPER_DIR; };
/* End PBXFileReference section */

/* Begin PBXFrameworksBuildPhase section */
		1D60588F0D05DD3D006BFB54 /* Frameworks */ = {
			isa = PBXFrameworksBuildPhase;
			buildActionMask = 2147483647;
			files = (
				6E80039F19A8503A00284D21 /* libLevelHelper2-API.a in Frameworks */,
				1AC6FB30180E99EB004C840B /* libcocos2d iOS.a in Frameworks */,
				D6B0611B1803AB670077942B /* CoreMotion.framework in Frameworks */,
				1D60589F0D05DD5A006BFB54 /* Foundation.framework in Frameworks */,
				1DF5F4E00D08C38300B7A737 /* UIKit.framework in Frameworks */,
				288765A50DF7441C002DB57D /* CoreGraphics.framework in Frameworks */,
				BF171245129291EC00B8313A /* OpenGLES.framework in Frameworks */,
				BF1712471292920000B8313A /* libz.dylib in Frameworks */,
				BF1C47F01293687400B63C5D /* QuartzCore.framework in Frameworks */,
				D44C620C132DFF330009C878 /* OpenAL.framework in Frameworks */,
				D44C620E132DFF430009C878 /* AVFoundation.framework in Frameworks */,
				D44C6210132DFF4E0009C878 /* AudioToolbox.framework in Frameworks */,
			);
			runOnlyForDeploymentPostprocessing = 0;
		};
		5087E75C17EB910900C73F5D /* Frameworks */ = {
			isa = PBXFrameworksBuildPhase;
			buildActionMask = 2147483647;
			files = (
				6E80039A19A84FC100284D21 /* libLevelHelper2-API.a in Frameworks */,
				1AC6FB21180E996B004C840B /* libcocos2d Mac.a in Frameworks */,
				503AE11217EB99EE00D1A890 /* libcurl.dylib in Frameworks */,
				5087E76717EB910900C73F5D /* libz.dylib in Frameworks */,
				503AE11B17EB9C5A00D1A890 /* IOKit.framework in Frameworks */,
				5087E78B17EB975400C73F5D /* OpenGL.framework in Frameworks */,
				5087E78917EB974C00C73F5D /* AppKit.framework in Frameworks */,
				5087E76317EB910900C73F5D /* Foundation.framework in Frameworks */,
				5087E76517EB910900C73F5D /* CoreGraphics.framework in Frameworks */,
				5087E76817EB910900C73F5D /* QuartzCore.framework in Frameworks */,
				5087E76917EB910900C73F5D /* OpenAL.framework in Frameworks */,
				5087E76A17EB910900C73F5D /* AVFoundation.framework in Frameworks */,
				5087E76B17EB910900C73F5D /* AudioToolbox.framework in Frameworks */,
			);
			runOnlyForDeploymentPostprocessing = 0;
		};
		6E7916C91964186600E68E06 /* Frameworks */ = {
			isa = PBXFrameworksBuildPhase;
			buildActionMask = 2147483647;
			files = (
				6E80035D19A84C5800284D21 /* libLevelHelper2-API.a in Frameworks */,
				6E7916CC1964186600E68E06 /* libcocos2d iOS.a in Frameworks */,
				6E7916CF1964186600E68E06 /* CoreMotion.framework in Frameworks */,
				6E7916D01964186600E68E06 /* Foundation.framework in Frameworks */,
				6E7916D11964186600E68E06 /* UIKit.framework in Frameworks */,
				6E7916D21964186600E68E06 /* CoreGraphics.framework in Frameworks */,
				6E7916D31964186600E68E06 /* OpenGLES.framework in Frameworks */,
				6E7916D41964186600E68E06 /* libz.dylib in Frameworks */,
				6E7916D51964186600E68E06 /* QuartzCore.framework in Frameworks */,
				6E7916D61964186600E68E06 /* OpenAL.framework in Frameworks */,
				6E7916D71964186600E68E06 /* AVFoundation.framework in Frameworks */,
				6E7916D81964186600E68E06 /* AudioToolbox.framework in Frameworks */,
			);
			runOnlyForDeploymentPostprocessing = 0;
		};
/* End PBXFrameworksBuildPhase section */

/* Begin PBXGroup section */
		080E96DDFE201D6D7F000001 /* ios */ = {
			isa = PBXGroup;
			children = (
				5087E77117EB970100C73F5D /* Icons */,
				503AE0FA17EB989F00D1A890 /* AppController.h */,
				503AE0FB17EB989F00D1A890 /* AppController.mm */,
				503AE0FC17EB989F00D1A890 /* main.m */,
				503AE0FD17EB989F00D1A890 /* Prefix.pch */,
				503AE0FE17EB989F00D1A890 /* RootViewController.h */,
				503AE0FF17EB989F00D1A890 /* RootViewController.mm */,
			);
			name = ios;
			path = Classes;
			sourceTree = "<group>";
		};
		15AA9C4015B7EC450033D6C2 /* Classes */ = {
			isa = PBXGroup;
			children = (
				1AFAF8B316D35DE700DB1158 /* AppDelegate.cpp */,
				1AFAF8B416D35DE700DB1158 /* AppDelegate.h */,
				6E0EEEFA198A2A3C002CDE7F /* LHSceneSubclass.cpp */,
				6E0EEEFB198A2A3C002CDE7F /* LHSceneSubclass.h */,
			);
			name = Classes;
			path = ../classes;
			sourceTree = "<group>";
		};
		19C28FACFE9D520D11CA2CBB /* Products */ = {
			isa = PBXGroup;
			children = (
				1D6058910D05DD3D006BFB54 /* LevelHelper2-Cocos2d-X.v3 + Chipmunk - iOS.app */,
				5087E76F17EB910900C73F5D /* LevelHelper2-Cocos2d-X.v3 + Box2d - Mac.app */,
				6E7916DC1964186600E68E06 /* LevelHelper2-Cocos2d-X.v3 + Box2d - iOS.app */,
			);
			name = Products;
			sourceTree = "<group>";
		};
		1AC6FAE6180E9839004C840B /* Products */ = {
			isa = PBXGroup;
			children = (
				1AC6FAF9180E9839004C840B /* libcocos2d Mac.a */,
				1AC6FB07180E9839004C840B /* libcocos2d iOS.a */,
			);
			name = Products;
			sourceTree = "<group>";
		};
		29B97314FDCFA39411CA2CEA /* CustomTemplate */ = {
			isa = PBXGroup;
			children = (
				6EA6DF2B1A526EA800C94A6D /* DEMOS.xcodeproj */,
				6E908F6119A8442B0090246B /* LevelHelper2-API.xcodeproj */,
				1AC6FAE5180E9839004C840B /* cocos2d_libs.xcodeproj */,
				15AA9C4015B7EC450033D6C2 /* Classes */,
				29B97323FDCFA39411CA2CEA /* Frameworks */,
				080E96DDFE201D6D7F000001 /* ios */,
				503AE10617EB990700D1A890 /* mac */,
				19C28FACFE9D520D11CA2CBB /* Products */,
				78C7DDAA14EBA5050085D0C2 /* Resources */,
				6E80040019A873FC00284D21 /* Android */,
			);
			name = CustomTemplate;
			sourceTree = "<group>";
		};
		29B97323FDCFA39411CA2CEA /* Frameworks */ = {
			isa = PBXGroup;
			children = (
				D6B0611A1803AB670077942B /* CoreMotion.framework */,
				503AE11A17EB9C5A00D1A890 /* IOKit.framework */,
				503AE11117EB99EE00D1A890 /* libcurl.dylib */,
				5087E78A17EB975400C73F5D /* OpenGL.framework */,
				5087E78817EB974C00C73F5D /* AppKit.framework */,
				1ACB3243164770DE00914215 /* libcurl.a */,
				BF170DB412928DE900B8313A /* libz.dylib */,
				D44C620F132DFF4E0009C878 /* AudioToolbox.framework */,
				D44C620D132DFF430009C878 /* AVFoundation.framework */,
				288765A40DF7441C002DB57D /* CoreGraphics.framework */,
				1D30AB110D05D00D00671497 /* Foundation.framework */,
				D44C620B132DFF330009C878 /* OpenAL.framework */,
				BF170DB012928DE900B8313A /* OpenGLES.framework */,
				BF1C47EA1293683800B63C5D /* QuartzCore.framework */,
				1DF5F4DF0D08C38300B7A737 /* UIKit.framework */,
			);
			name = Frameworks;
			sourceTree = "<group>";
		};
		503AE0F517EB97AB00D1A890 /* Icons */ = {
			isa = PBXGroup;
			children = (
				503AE0F617EB97AB00D1A890 /* Icon.icns */,
				503AE0F717EB97AB00D1A890 /* Info.plist */,
			);
			name = Icons;
			path = mac;
			sourceTree = SOURCE_ROOT;
		};
		503AE10617EB990700D1A890 /* mac */ = {
			isa = PBXGroup;
			children = (
				503AE0F517EB97AB00D1A890 /* Icons */,
				503AE10317EB98FF00D1A890 /* main.cpp */,
				503AE10417EB98FF00D1A890 /* Prefix.pch */,
			);
			name = mac;
			sourceTree = "<group>";
		};
		5087E77117EB970100C73F5D /* Icons */ = {
			isa = PBXGroup;
			children = (
				6E9B5E401A6E68220090C8B4 /* Default-375w-667h@2x~iphone.png */,
				6E9B5E411A6E68220090C8B4 /* Default-414w-736h@3x~iphone.png */,
				6E9B5E421A6E68220090C8B4 /* Default-568h@2x.png */,
				6E9B5E431A6E68220090C8B4 /* Default-Landscape@2x~ipad.png */,
				6E9B5E441A6E68220090C8B4 /* Default-Landscape~ipad.png */,
				6E9B5E451A6E68220090C8B4 /* Default.png */,
				6E9B5E461A6E68220090C8B4 /* Default@2x.png */,
				6E9B5E471A6E68220090C8B4 /* iPad-old.png */,
				6E9B5E481A6E68220090C8B4 /* iPad-old@2x.png */,
				6E9B5E491A6E68220090C8B4 /* iPad.png */,
				6E9B5E4A1A6E68220090C8B4 /* iPad@2x.png */,
				6E9B5E4B1A6E68220090C8B4 /* iPhone-old.png */,
				6E9B5E4C1A6E68220090C8B4 /* iPhone-old@2x.png */,
				6E9B5E4D1A6E68220090C8B4 /* iPhone.png */,
				6E9B5E4E1A6E68220090C8B4 /* iPhone@2x.png */,
				6E9B5E4F1A6E68220090C8B4 /* Settings.png */,
				6E9B5E501A6E68220090C8B4 /* Settings@2x.png */,
				5087E77C17EB970100C73F5D /* Info.plist */,
			);
			name = Icons;
			path = ios;
			sourceTree = SOURCE_ROOT;
		};
		6E80040019A873FC00284D21 /* Android */ = {
			isa = PBXGroup;
			children = (
				6E70FD101A88D66E0027FA21 /* ANDROID_BUILD_HELP.md */,
				6E70FD0F1A88D3520027FA21 /* compileAndroid.sh */,
				6E80040119A8741E00284D21 /* Android.mk */,
				6EF1386719A89A5E00CC03F3 /* Application.mk */,
				6E8CB41A1A52DBBD00663859 /* project.properties */,
			);
			name = Android;
			sourceTree = "<group>";
		};
		6E908F6219A8442B0090246B /* Products */ = {
			isa = PBXGroup;
			children = (
				6E908F6819A8442B0090246B /* libLevelHelper2-API.a */,
				6E908F6A19A8442B0090246B /* libLevelHelper2-API.a */,
				6E908F6C19A8442B0090246B /* libLevelHelper2-API.a */,
			);
			name = Products;
			sourceTree = "<group>";
		};
		6EA6DF2C1A526EA800C94A6D /* Products */ = {
			isa = PBXGroup;
			children = (
				6EA6DF351A526EA800C94A6D /* DEMOS + Box2d - iOS.app */,
				6EA6DF371A526EA800C94A6D /* DEMOS + Box2d - Mac.app */,
				6E9B5E781A6E68220090C8B4 /* DEMOS + Chipmunk - iOS.app */,
			);
			name = Products;
			sourceTree = "<group>";
		};
		78C7DDAA14EBA5050085D0C2 /* Resources */ = {
			isa = PBXGroup;
			children = (
				6E97C8EB1A52970400DF4A1A /* LH2-Published */,
				6E68F70319D0A54D00A2D652 /* Images.xcassets */,
				6E7916DD1964186600E68E06 /* Info+Box2d.plist */,
			);
			name = Resources;
			path = ../Resources;
			sourceTree = "<group>";
		};
/* End PBXGroup section */

/* Begin PBXNativeTarget section */
		1D6058900D05DD3D006BFB54 /* LevelHelper2-Cocos2d-X.v3 + Chipmunk - iOS */ = {
			isa = PBXNativeTarget;
			buildConfigurationList = 1D6058960D05DD3E006BFB54 /* Build configuration list for PBXNativeTarget "LevelHelper2-Cocos2d-X.v3 + Chipmunk - iOS" */;
			buildPhases = (
				1D60588D0D05DD3D006BFB54 /* Resources */,
				1D60588E0D05DD3D006BFB54 /* Sources */,
				1D60588F0D05DD3D006BFB54 /* Frameworks */,
			);
			buildRules = (
			);
			dependencies = (
				6E80039E19A8503100284D21 /* PBXTargetDependency */,
				1AC6FB25180E99E1004C840B /* PBXTargetDependency */,
			);
			name = "LevelHelper2-Cocos2d-X.v3 + Chipmunk - iOS";
			productName = iphone;
			productReference = 1D6058910D05DD3D006BFB54 /* LevelHelper2-Cocos2d-X.v3 + Chipmunk - iOS.app */;
			productType = "com.apple.product-type.application";
		};
		5087E73D17EB910900C73F5D /* LevelHelper2-Cocos2d-X.v3 + Box2d - Mac */ = {
			isa = PBXNativeTarget;
			buildConfigurationList = 5087E76C17EB910900C73F5D /* Build configuration list for PBXNativeTarget "LevelHelper2-Cocos2d-X.v3 + Box2d - Mac" */;
			buildPhases = (
				5087E74817EB910900C73F5D /* Resources */,
				5087E75617EB910900C73F5D /* Sources */,
				5087E75C17EB910900C73F5D /* Frameworks */,
			);
			buildRules = (
			);
			dependencies = (
				6E80039919A84FBA00284D21 /* PBXTargetDependency */,
				1AC6FB16180E9959004C840B /* PBXTargetDependency */,
			);
			name = "LevelHelper2-Cocos2d-X.v3 + Box2d - Mac";
			productName = iphone;
			productReference = 5087E76F17EB910900C73F5D /* LevelHelper2-Cocos2d-X.v3 + Box2d - Mac.app */;
			productType = "com.apple.product-type.application";
		};
		6E7916721964186600E68E06 /* LevelHelper2-Cocos2d-X.v3 + Box2d - iOS */ = {
			isa = PBXNativeTarget;
			buildConfigurationList = 6E7916D91964186600E68E06 /* Build configuration list for PBXNativeTarget "LevelHelper2-Cocos2d-X.v3 + Box2d - iOS" */;
			buildPhases = (
				6E79167D1964186600E68E06 /* Resources */,
				6E7916941964186600E68E06 /* Sources */,
				6E7916C91964186600E68E06 /* Frameworks */,
			);
			buildRules = (
			);
			dependencies = (
				6E80035C19A84C4E00284D21 /* PBXTargetDependency */,
				6E7916731964186600E68E06 /* PBXTargetDependency */,
			);
			name = "LevelHelper2-Cocos2d-X.v3 + Box2d - iOS";
			productName = iphone;
			productReference = 6E7916DC1964186600E68E06 /* LevelHelper2-Cocos2d-X.v3 + Box2d - iOS.app */;
			productType = "com.apple.product-type.application";
		};
/* End PBXNativeTarget section */

/* Begin PBXProject section */
		29B97313FDCFA39411CA2CEA /* Project object */ = {
			isa = PBXProject;
			attributes = {
				LastUpgradeCheck = 0500;
			};
			buildConfigurationList = C01FCF4E08A954540054247B /* Build configuration list for PBXProject "LevelHelper2-Cocos2d-X.v3" */;
			compatibilityVersion = "Xcode 3.2";
			developmentRegion = English;
			hasScannedForEncodings = 1;
			knownRegions = (
				English,
				Japanese,
				French,
				German,
			);
			mainGroup = 29B97314FDCFA39411CA2CEA /* CustomTemplate */;
			projectDirPath = "";
			projectReferences = (
				{
					ProductGroup = 1AC6FAE6180E9839004C840B /* Products */;
					ProjectRef = 1AC6FAE5180E9839004C840B /* cocos2d_libs.xcodeproj */;
				},
				{
					ProductGroup = 6EA6DF2C1A526EA800C94A6D /* Products */;
					ProjectRef = 6EA6DF2B1A526EA800C94A6D /* DEMOS.xcodeproj */;
				},
				{
					ProductGroup = 6E908F6219A8442B0090246B /* Products */;
					ProjectRef = 6E908F6119A8442B0090246B /* LevelHelper2-API.xcodeproj */;
				},
			);
			projectRoot = "";
			targets = (
				6E7916721964186600E68E06 /* LevelHelper2-Cocos2d-X.v3 + Box2d - iOS */,
				5087E73D17EB910900C73F5D /* LevelHelper2-Cocos2d-X.v3 + Box2d - Mac */,
				1D6058900D05DD3D006BFB54 /* LevelHelper2-Cocos2d-X.v3 + Chipmunk - iOS */,
			);
		};
/* End PBXProject section */

/* Begin PBXReferenceProxy section */
		1AC6FAF9180E9839004C840B /* libcocos2d Mac.a */ = {
			isa = PBXReferenceProxy;
			fileType = archive.ar;
			path = "libcocos2d Mac.a";
			remoteRef = 1AC6FAF8180E9839004C840B /* PBXContainerItemProxy */;
			sourceTree = BUILT_PRODUCTS_DIR;
		};
		1AC6FB07180E9839004C840B /* libcocos2d iOS.a */ = {
			isa = PBXReferenceProxy;
			fileType = archive.ar;
			path = "libcocos2d iOS.a";
			remoteRef = 1AC6FB06180E9839004C840B /* PBXContainerItemProxy */;
			sourceTree = BUILT_PRODUCTS_DIR;
		};
		6E908F6819A8442B0090246B /* libLevelHelper2-API.a */ = {
			isa = PBXReferenceProxy;
			fileType = archive.ar;
			path = "libLevelHelper2-API.a";
			remoteRef = 6E908F6719A8442B0090246B /* PBXContainerItemProxy */;
			sourceTree = BUILT_PRODUCTS_DIR;
		};
		6E908F6A19A8442B0090246B /* libLevelHelper2-API.a */ = {
			isa = PBXReferenceProxy;
			fileType = archive.ar;
			path = "libLevelHelper2-API.a";
			remoteRef = 6E908F6919A8442B0090246B /* PBXContainerItemProxy */;
			sourceTree = BUILT_PRODUCTS_DIR;
		};
		6E908F6C19A8442B0090246B /* libLevelHelper2-API.a */ = {
			isa = PBXReferenceProxy;
			fileType = archive.ar;
			path = "libLevelHelper2-API.a";
			remoteRef = 6E908F6B19A8442B0090246B /* PBXContainerItemProxy */;
			sourceTree = BUILT_PRODUCTS_DIR;
		};
		6E9B5E781A6E68220090C8B4 /* DEMOS + Chipmunk - iOS.app */ = {
			isa = PBXReferenceProxy;
			fileType = wrapper.application;
			path = "DEMOS + Chipmunk - iOS.app";
			remoteRef = 6E9B5E771A6E68220090C8B4 /* PBXContainerItemProxy */;
			sourceTree = BUILT_PRODUCTS_DIR;
		};
		6EA6DF351A526EA800C94A6D /* DEMOS + Box2d - iOS.app */ = {
			isa = PBXReferenceProxy;
			fileType = wrapper.application;
			path = "DEMOS + Box2d - iOS.app";
			remoteRef = 6EA6DF341A526EA800C94A6D /* PBXContainerItemProxy */;
			sourceTree = BUILT_PRODUCTS_DIR;
		};
		6EA6DF371A526EA800C94A6D /* DEMOS + Box2d - Mac.app */ = {
			isa = PBXReferenceProxy;
			fileType = wrapper.application;
			path = "DEMOS + Box2d - Mac.app";
			remoteRef = 6EA6DF361A526EA800C94A6D /* PBXContainerItemProxy */;
			sourceTree = BUILT_PRODUCTS_DIR;
		};
/* End PBXReferenceProxy section */

/* Begin PBXResourcesBuildPhase section */
		1D60588D0D05DD3D006BFB54 /* Resources */ = {
			isa = PBXResourcesBuildPhase;
			buildActionMask = 2147483647;
			files = (
				6E9B5E6E1A6E68220090C8B4 /* iPhone@2x.png in Resources */,
				6E9B5E6C1A6E68220090C8B4 /* iPhone.png in Resources */,
				6E9B5E701A6E68220090C8B4 /* Settings.png in Resources */,
				6E9B5E5A1A6E68220090C8B4 /* Default-Landscape~ipad.png in Resources */,
				6E97C8EE1A52970400DF4A1A /* LH2-Published in Resources */,
				6E9B5E541A6E68220090C8B4 /* Default-414w-736h@3x~iphone.png in Resources */,
				6E9B5E5E1A6E68220090C8B4 /* Default@2x.png in Resources */,
				6E9B5E621A6E68220090C8B4 /* iPad-old@2x.png in Resources */,
				6E9B5E641A6E68220090C8B4 /* iPad.png in Resources */,
				6E9B5E5C1A6E68220090C8B4 /* Default.png in Resources */,
				6E9B5E521A6E68220090C8B4 /* Default-375w-667h@2x~iphone.png in Resources */,
				6E9B5E561A6E68220090C8B4 /* Default-568h@2x.png in Resources */,
				6E68F70519D0A54D00A2D652 /* Images.xcassets in Resources */,
				6E9B5E6A1A6E68220090C8B4 /* iPhone-old@2x.png in Resources */,
				6E9B5E681A6E68220090C8B4 /* iPhone-old.png in Resources */,
				6E9B5E661A6E68220090C8B4 /* iPad@2x.png in Resources */,
				6E9B5E581A6E68220090C8B4 /* Default-Landscape@2x~ipad.png in Resources */,
				6E9B5E721A6E68220090C8B4 /* Settings@2x.png in Resources */,
				6E9B5E601A6E68220090C8B4 /* iPad-old.png in Resources */,
			);
			runOnlyForDeploymentPostprocessing = 0;
		};
		5087E74817EB910900C73F5D /* Resources */ = {
			isa = PBXResourcesBuildPhase;
			buildActionMask = 2147483647;
			files = (
				6E97C8ED1A52970400DF4A1A /* LH2-Published in Resources */,
				503AE0F817EB97AB00D1A890 /* Icon.icns in Resources */,
			);
			runOnlyForDeploymentPostprocessing = 0;
		};
		6E79167D1964186600E68E06 /* Resources */ = {
			isa = PBXResourcesBuildPhase;
			buildActionMask = 2147483647;
			files = (
				6E9B5E6D1A6E68220090C8B4 /* iPhone@2x.png in Resources */,
				6E9B5E6B1A6E68220090C8B4 /* iPhone.png in Resources */,
				6E9B5E6F1A6E68220090C8B4 /* Settings.png in Resources */,
				6E9B5E591A6E68220090C8B4 /* Default-Landscape~ipad.png in Resources */,
				6E97C8EC1A52970400DF4A1A /* LH2-Published in Resources */,
				6E9B5E531A6E68220090C8B4 /* Default-414w-736h@3x~iphone.png in Resources */,
				6E9B5E5D1A6E68220090C8B4 /* Default@2x.png in Resources */,
				6E9B5E611A6E68220090C8B4 /* iPad-old@2x.png in Resources */,
				6E9B5E631A6E68220090C8B4 /* iPad.png in Resources */,
				6E9B5E5B1A6E68220090C8B4 /* Default.png in Resources */,
				6E9B5E511A6E68220090C8B4 /* Default-375w-667h@2x~iphone.png in Resources */,
				6E9B5E551A6E68220090C8B4 /* Default-568h@2x.png in Resources */,
				6E68F70419D0A54D00A2D652 /* Images.xcassets in Resources */,
				6E9B5E691A6E68220090C8B4 /* iPhone-old@2x.png in Resources */,
				6E9B5E671A6E68220090C8B4 /* iPhone-old.png in Resources */,
				6E9B5E651A6E68220090C8B4 /* iPad@2x.png in Resources */,
				6E9B5E571A6E68220090C8B4 /* Default-Landscape@2x~ipad.png in Resources */,
				6E9B5E711A6E68220090C8B4 /* Settings@2x.png in Resources */,
				6E9B5E5F1A6E68220090C8B4 /* iPad-old.png in Resources */,
			);
			runOnlyForDeploymentPostprocessing = 0;
		};
/* End PBXResourcesBuildPhase section */

/* Begin PBXSourcesBuildPhase section */
		1D60588E0D05DD3D006BFB54 /* Sources */ = {
			isa = PBXSourcesBuildPhase;
			buildActionMask = 2147483647;
			files = (
				503AE10017EB989F00D1A890 /* AppController.mm in Sources */,
				6E0EEEFE198A2A3C002CDE7F /* LHSceneSubclass.cpp in Sources */,
				503AE10217EB989F00D1A890 /* RootViewController.mm in Sources */,
				1AFAF8B716D35DE700DB1158 /* AppDelegate.cpp in Sources */,
				503AE10117EB989F00D1A890 /* main.m in Sources */,
			);
			runOnlyForDeploymentPostprocessing = 0;
		};
		5087E75617EB910900C73F5D /* Sources */ = {
			isa = PBXSourcesBuildPhase;
			buildActionMask = 2147483647;
			files = (
				5087E75717EB910900C73F5D /* AppDelegate.cpp in Sources */,
				6E0EEEFD198A2A3C002CDE7F /* LHSceneSubclass.cpp in Sources */,
				503AE10517EB98FF00D1A890 /* main.cpp in Sources */,
			);
			runOnlyForDeploymentPostprocessing = 0;
		};
		6E7916941964186600E68E06 /* Sources */ = {
			isa = PBXSourcesBuildPhase;
			buildActionMask = 2147483647;
			files = (
				6E79169E1964186600E68E06 /* AppController.mm in Sources */,
				6E0EEEFC198A2A3C002CDE7F /* LHSceneSubclass.cpp in Sources */,
				6E7916B21964186600E68E06 /* RootViewController.mm in Sources */,
				6E7916B81964186600E68E06 /* AppDelegate.cpp in Sources */,
				6E7916B91964186600E68E06 /* main.m in Sources */,
			);
			runOnlyForDeploymentPostprocessing = 0;
		};
/* End PBXSourcesBuildPhase section */

/* Begin PBXTargetDependency section */
		1AC6FB16180E9959004C840B /* PBXTargetDependency */ = {
			isa = PBXTargetDependency;
			name = "cocos2dx Mac";
			targetProxy = 1AC6FB15180E9959004C840B /* PBXContainerItemProxy */;
		};
		1AC6FB25180E99E1004C840B /* PBXTargetDependency */ = {
			isa = PBXTargetDependency;
			name = "cocos2dx iOS";
			targetProxy = 1AC6FB24180E99E1004C840B /* PBXContainerItemProxy */;
		};
		6E7916731964186600E68E06 /* PBXTargetDependency */ = {
			isa = PBXTargetDependency;
			name = "cocos2dx iOS";
			targetProxy = 6E7916741964186600E68E06 /* PBXContainerItemProxy */;
		};
		6E80035C19A84C4E00284D21 /* PBXTargetDependency */ = {
			isa = PBXTargetDependency;
			name = "LevelHelper2-API+Box2d";
			targetProxy = 6E80035B19A84C4E00284D21 /* PBXContainerItemProxy */;
		};
		6E80039919A84FBA00284D21 /* PBXTargetDependency */ = {
			isa = PBXTargetDependency;
			name = "LevelHelper2-API+Box2d-OSX";
			targetProxy = 6E80039819A84FBA00284D21 /* PBXContainerItemProxy */;
		};
		6E80039E19A8503100284D21 /* PBXTargetDependency */ = {
			isa = PBXTargetDependency;
			name = "LevelHelper2-API";
			targetProxy = 6E80039D19A8503100284D21 /* PBXContainerItemProxy */;
		};
/* End PBXTargetDependency section */

/* Begin XCBuildConfiguration section */
		1D6058940D05DD3E006BFB54 /* Debug */ = {
			isa = XCBuildConfiguration;
			buildSettings = {
				ALWAYS_SEARCH_USER_PATHS = YES;
				CLANG_CXX_LANGUAGE_STANDARD = "c++0x";
				CLANG_CXX_LIBRARY = "libc++";
				CODE_SIGN_IDENTITY = "iPhone Developer";
				COMPRESS_PNG_FILES = NO;
				GCC_DYNAMIC_NO_PIC = NO;
				GCC_INLINES_ARE_PRIVATE_EXTERN = NO;
				GCC_PRECOMPILE_PREFIX_HEADER = YES;
				GCC_PREPROCESSOR_DEFINITIONS = (
					USE_FILE32API,
					CC_TARGET_OS_IPHONE,
					"COCOS2D_DEBUG=1",
					"CC_ENABLE_CHIPMUNK_INTEGRATION=1",
				);
				GCC_SYMBOLS_PRIVATE_EXTERN = NO;
				GCC_WARN_64_TO_32_BIT_CONVERSION = NO;
				HEADER_SEARCH_PATHS = (
					"$(inherited)",
					"$(SRCROOT)/../cocos2d/cocos/platform/ios",
					"$(SRCROOT)/../cocos2d/cocos/platform/ios/Simulation",
					"$(SRCROOT)/../LevelHelper2-API/LevelHelper2-API",
				);
				INFOPLIST_FILE = ios/Info.plist;
				IPHONEOS_DEPLOYMENT_TARGET = 7.1;
				LIBRARY_SEARCH_PATHS = "";
				SDKROOT = iphoneos;
				TARGETED_DEVICE_FAMILY = "1,2";
				USER_HEADER_SEARCH_PATHS = "";
			};
			name = Debug;
		};
		1D6058950D05DD3E006BFB54 /* Release */ = {
			isa = XCBuildConfiguration;
			buildSettings = {
				ALWAYS_SEARCH_USER_PATHS = YES;
				CLANG_CXX_LANGUAGE_STANDARD = "c++0x";
				CLANG_CXX_LIBRARY = "libc++";
				CODE_SIGN_IDENTITY = "iPhone Developer";
				COMPRESS_PNG_FILES = NO;
				GCC_INLINES_ARE_PRIVATE_EXTERN = NO;
				GCC_PRECOMPILE_PREFIX_HEADER = YES;
				GCC_PREPROCESSOR_DEFINITIONS = (
					USE_FILE32API,
					CC_TARGET_OS_IPHONE,
					"CC_ENABLE_CHIPMUNK_INTEGRATION=1",
				);
				GCC_SYMBOLS_PRIVATE_EXTERN = NO;
				GCC_WARN_64_TO_32_BIT_CONVERSION = NO;
				HEADER_SEARCH_PATHS = (
					"$(inherited)",
					"$(SRCROOT)/../cocos2d/cocos/platform/ios",
					"$(SRCROOT)/../cocos2d/cocos/platform/ios/Simulation",
					"$(SRCROOT)/../LevelHelper2-API/LevelHelper2-API",
				);
				INFOPLIST_FILE = ios/Info.plist;
				IPHONEOS_DEPLOYMENT_TARGET = 7.1;
				LIBRARY_SEARCH_PATHS = "";
				SDKROOT = iphoneos;
				TARGETED_DEVICE_FAMILY = "1,2";
				USER_HEADER_SEARCH_PATHS = "";
			};
			name = Release;
		};
		5087E76D17EB910900C73F5D /* Debug */ = {
			isa = XCBuildConfiguration;
			buildSettings = {
				ALWAYS_SEARCH_USER_PATHS = YES;
				ARCHS = "$(ARCHS_STANDARD_64_BIT)";
				CLANG_CXX_LANGUAGE_STANDARD = "c++0x";
				CLANG_CXX_LIBRARY = "libc++";
				GCC_DYNAMIC_NO_PIC = NO;
				GCC_INLINES_ARE_PRIVATE_EXTERN = NO;
				GCC_PRECOMPILE_PREFIX_HEADER = YES;
				GCC_PREPROCESSOR_DEFINITIONS = (
					USE_FILE32API,
					CC_TARGET_OS_MAC,
					"COCOS2D_DEBUG=1",
					"LH_USE_BOX2D=1",
				);
				GCC_SYMBOLS_PRIVATE_EXTERN = NO;
				HEADER_SEARCH_PATHS = (
					"$(inherited)",
					"$(SRCROOT)/../cocos2d/cocos/platform/mac",
					"$(SRCROOT)/../cocos2d/external/glfw3/include/mac",
					"$(SRCROOT)/../LevelHelper2-API/LevelHelper2-API",
				);
				INFOPLIST_FILE = mac/Info.plist;
				LIBRARY_SEARCH_PATHS = "";
				MACOSX_DEPLOYMENT_TARGET = 10.8;
				USER_HEADER_SEARCH_PATHS = "";
			};
			name = Debug;
		};
		5087E76E17EB910900C73F5D /* Release */ = {
			isa = XCBuildConfiguration;
			buildSettings = {
				ALWAYS_SEARCH_USER_PATHS = YES;
				ARCHS = "$(ARCHS_STANDARD_64_BIT)";
				CLANG_CXX_LANGUAGE_STANDARD = "c++0x";
				CLANG_CXX_LIBRARY = "libc++";
				GCC_INLINES_ARE_PRIVATE_EXTERN = NO;
				GCC_PRECOMPILE_PREFIX_HEADER = YES;
				GCC_PREPROCESSOR_DEFINITIONS = (
					USE_FILE32API,
					CC_TARGET_OS_MAC,
					"LH_USE_BOX2D=1",
				);
				GCC_SYMBOLS_PRIVATE_EXTERN = NO;
				HEADER_SEARCH_PATHS = (
					"$(inherited)",
					"$(SRCROOT)/../cocos2d/cocos/platform/mac",
					"$(SRCROOT)/../cocos2d/external/glfw3/include/mac",
					"$(SRCROOT)/../LevelHelper2-API/LevelHelper2-API",
				);
				INFOPLIST_FILE = mac/Info.plist;
				LIBRARY_SEARCH_PATHS = "";
				MACOSX_DEPLOYMENT_TARGET = 10.8;
				USER_HEADER_SEARCH_PATHS = "";
			};
			name = Release;
		};
		6E7916DA1964186600E68E06 /* Debug */ = {
			isa = XCBuildConfiguration;
			buildSettings = {
				ALWAYS_SEARCH_USER_PATHS = YES;
				CODE_SIGN_IDENTITY = "iPhone Developer";
				COMPRESS_PNG_FILES = NO;
				GCC_DYNAMIC_NO_PIC = NO;
				GCC_INLINES_ARE_PRIVATE_EXTERN = NO;
				GCC_PRECOMPILE_PREFIX_HEADER = YES;
				GCC_PREPROCESSOR_DEFINITIONS = (
					USE_FILE32API,
					CC_TARGET_OS_IPHONE,
					"COCOS2D_DEBUG=1",
					"LH_USE_BOX2D=1",
				);
				GCC_SYMBOLS_PRIVATE_EXTERN = NO;
				HEADER_SEARCH_PATHS = (
					"$(inherited)",
					"$(SRCROOT)/../cocos2d/cocos/platform/ios",
					"$(SRCROOT)/../cocos2d/cocos/platform/ios/Simulation",
					"$(SRCROOT)/../LevelHelper2-API/LevelHelper2-API/**",
					"$(SRCROOT)/../cocos2d/external/Box2D/**",
				);
				INFOPLIST_FILE = "$(SRCROOT)/Info+Box2d.plist";
				IPHONEOS_DEPLOYMENT_TARGET = 7.0;
				LIBRARY_SEARCH_PATHS = "";
				PRODUCT_NAME = "LevelHelper2-Cocos2d-X.v3 + Box2d - iOS";
				PROVISIONING_PROFILE = "";
				SDKROOT = iphoneos;
				TARGETED_DEVICE_FAMILY = "1,2";
				USER_HEADER_SEARCH_PATHS = "";
			};
			name = Debug;
		};
		6E7916DB1964186600E68E06 /* Release */ = {
			isa = XCBuildConfiguration;
			buildSettings = {
				ALWAYS_SEARCH_USER_PATHS = YES;
				CODE_SIGN_IDENTITY = "iPhone Developer";
				COMPRESS_PNG_FILES = NO;
				GCC_INLINES_ARE_PRIVATE_EXTERN = NO;
				GCC_PRECOMPILE_PREFIX_HEADER = YES;
				GCC_PREPROCESSOR_DEFINITIONS = (
					USE_FILE32API,
					CC_TARGET_OS_IPHONE,
					"LH_USE_BOX2D=1",
				);
				GCC_SYMBOLS_PRIVATE_EXTERN = NO;
				HEADER_SEARCH_PATHS = (
					"$(inherited)",
					"$(SRCROOT)/../cocos2d/cocos/platform/ios",
					"$(SRCROOT)/../cocos2d/cocos/platform/ios/Simulation",
					"$(SRCROOT)/../LevelHelper2-API/LevelHelper2-API/**",
					"$(SRCROOT)/../cocos2d/external/Box2D/**",
				);
				INFOPLIST_FILE = "$(SRCROOT)/Info+Box2d.plist";
				IPHONEOS_DEPLOYMENT_TARGET = 7.0;
				LIBRARY_SEARCH_PATHS = "";
				PRODUCT_NAME = "LevelHelper2-Cocos2d-X.v3 + Box2d - iOS";
				PROVISIONING_PROFILE = "";
				SDKROOT = iphoneos;
				TARGETED_DEVICE_FAMILY = "1,2";
				USER_HEADER_SEARCH_PATHS = "";
			};
			name = Release;
		};
		C01FCF4F08A954540054247B /* Debug */ = {
			isa = XCBuildConfiguration;
			buildSettings = {
				CLANG_CXX_LANGUAGE_STANDARD = "c++0x";
				CLANG_CXX_LIBRARY = "libc++";
				COPY_PHASE_STRIP = NO;
				GCC_OPTIMIZATION_LEVEL = 0;
				GCC_WARN_ABOUT_RETURN_TYPE = YES;
				GCC_WARN_UNUSED_VARIABLE = YES;
				HEADER_SEARCH_PATHS = (
					"$(SRCROOT)/../cocos2d",
					"$(SRCROOT)/../cocos2d/cocos",
					"$(SRCROOT)/../cocos2d/cocos/base",
					"$(SRCROOT)/../cocos2d/cocos/physics",
					"$(SRCROOT)/../cocos2d/cocos/math",
					"$(SRCROOT)/../cocos2d/cocos/2d",
					"$(SRCROOT)/../cocos2d/cocos/ui",
					"$(SRCROOT)/../cocos2d/cocos/network",
					"$(SRCROOT)/../cocos2d/cocos/audio/include",
					"$(SRCROOT)/../cocos2d/cocos/editor-support",
					"$(SRCROOT)/../cocos2d/extensions",
					"$(SRCROOT)/../cocos2d/external",
					"$(SRCROOT)/../cocos2d/external/chipmunk/include/chipmunk",
				);
				ONLY_ACTIVE_ARCH = NO;
				PRODUCT_NAME = "$(TARGET_NAME)";
				SDKROOT = macosx;
			};
			name = Debug;
		};
		C01FCF5008A954540054247B /* Release */ = {
			isa = XCBuildConfiguration;
			buildSettings = {
				CLANG_CXX_LANGUAGE_STANDARD = "c++0x";
				CLANG_CXX_LIBRARY = "libc++";
				GCC_WARN_ABOUT_RETURN_TYPE = YES;
				GCC_WARN_UNUSED_VARIABLE = YES;
				HEADER_SEARCH_PATHS = (
					"$(SRCROOT)/../cocos2d",
					"$(SRCROOT)/../cocos2d/cocos",
					"$(SRCROOT)/../cocos2d/cocos/base",
					"$(SRCROOT)/../cocos2d/cocos/physics",
					"$(SRCROOT)/../cocos2d/cocos/math",
					"$(SRCROOT)/../cocos2d/cocos/2d",
					"$(SRCROOT)/../cocos2d/cocos/ui",
					"$(SRCROOT)/../cocos2d/cocos/network",
					"$(SRCROOT)/../cocos2d/cocos/audio/include",
					"$(SRCROOT)/../cocos2d/cocos/editor-support",
					"$(SRCROOT)/../cocos2d/extensions",
					"$(SRCROOT)/../cocos2d/external",
					"$(SRCROOT)/../cocos2d/external/chipmunk/include/chipmunk",
				);
				ONLY_ACTIVE_ARCH = NO;
				OTHER_CFLAGS = "-DNS_BLOCK_ASSERTIONS=1";
				PRODUCT_NAME = "$(TARGET_NAME)";
				SDKROOT = macosx;
				VALIDATE_PRODUCT = YES;
			};
			name = Release;
		};
/* End XCBuildConfiguration section */

/* Begin XCConfigurationList section */
		1D6058960D05DD3E006BFB54 /* Build configuration list for PBXNativeTarget "LevelHelper2-Cocos2d-X.v3 + Chipmunk - iOS" */ = {
			isa = XCConfigurationList;
			buildConfigurations = (
				1D6058940D05DD3E006BFB54 /* Debug */,
				1D6058950D05DD3E006BFB54 /* Release */,
			);
			defaultConfigurationIsVisible = 0;
			defaultConfigurationName = Debug;
		};
		5087E76C17EB910900C73F5D /* Build configuration list for PBXNativeTarget "LevelHelper2-Cocos2d-X.v3 + Box2d - Mac" */ = {
			isa = XCConfigurationList;
			buildConfigurations = (
				5087E76D17EB910900C73F5D /* Debug */,
				5087E76E17EB910900C73F5D /* Release */,
			);
			defaultConfigurationIsVisible = 0;
			defaultConfigurationName = Debug;
		};
		6E7916D91964186600E68E06 /* Build configuration list for PBXNativeTarget "LevelHelper2-Cocos2d-X.v3 + Box2d - iOS" */ = {
			isa = XCConfigurationList;
			buildConfigurations = (
				6E7916DA1964186600E68E06 /* Debug */,
				6E7916DB1964186600E68E06 /* Release */,
			);
			defaultConfigurationIsVisible = 0;
			defaultConfigurationName = Debug;
		};
		C01FCF4E08A954540054247B /* Build configuration list for PBXProject "LevelHelper2-Cocos2d-X.v3" */ = {
			isa = XCConfigurationList;
			buildConfigurations = (
				C01FCF4F08A954540054247B /* Debug */,
				C01FCF5008A954540054247B /* Release */,
			);
			defaultConfigurationIsVisible = 0;
			defaultConfigurationName = Debug;
		};
/* End XCConfigurationList section */
	};
	rootObject = 29B97313FDCFA39411CA2CEA /* Project object */;
}
